{
  "nodes": {
    "crane": {
      "inputs": {
        "nixpkgs": "nixpkgs"
      },
      "locked": {
        "lastModified": 1708560111,
        "narHash": "sha256-DrAweODHz5LaAFkSNZTFEfmA+KES+tDB9Upk0eplrGY=",
        "rev": "03d623218833e6b4089069867afe65c8e17d9b85",
        "revCount": 508,
        "type": "tarball",
        "url": "https://api.flakehub.com/f/pinned/ipetkov/crane/0.16.2/018dce20-43df-7c9c-ad49-b978cce40161/source.tar.gz"
      },
      "original": {
        "type": "tarball",
        "url": "https://flakehub.com/f/ipetkov/crane/0.16.2.tar.gz"
      }
    },
    "flake-schemas": {
      "locked": {
        "lastModified": 1697467827,
        "narHash": "sha256-j8SR19V1SRysyJwpOBF4TLuAvAjF5t+gMiboN4gYQDU=",
        "rev": "764932025c817d4e500a8d2a4d8c565563923d29",
        "revCount": 29,
        "type": "tarball",
        "url": "https://api.flakehub.com/f/pinned/DeterminateSystems/flake-schemas/0.1.2/018b3da8-4cc3-7fbb-8ff7-1588413c53e2/source.tar.gz"
      },
      "original": {
        "type": "tarball",
        "url": "https://flakehub.com/f/DeterminateSystems/flake-schemas/%2A.tar.gz"
      }
    },
    "flake-utils": {
      "inputs": {
        "systems": "systems"
      },
      "locked": {
        "lastModified": 1709126324,
        "narHash": "sha256-q6EQdSeUZOG26WelxqkmR7kArjgWCdw5sfJVHPH/7j8=",
        "rev": "d465f4819400de7c8d874d50b982301f28a84605",
        "revCount": 91,
        "type": "tarball",
        "url": "https://api.flakehub.com/f/pinned/numtide/flake-utils/0.1.91%2Brev-d465f4819400de7c8d874d50b982301f28a84605/018defde-b702-7c49-9ad0-aa7e8781287b/source.tar.gz"
      },
      "original": {
        "type": "tarball",
        "url": "https://flakehub.com/f/numtide/flake-utils/0.1.91.tar.gz"
      }
    },
    "flake-utils_2": {
      "inputs": {
        "systems": "systems_2"
      },
      "locked": {
        "lastModified": 1705309234,
        "narHash": "sha256-uNRRNRKmJyCRC/8y1RqBkqWBLM034y4qN7EprSdmgyA=",
        "owner": "numtide",
        "repo": "flake-utils",
        "rev": "1ef2e671c3b0c19053962c07dbda38332dcebf26",
        "type": "github"
      },
      "original": {
        "owner": "numtide",
        "repo": "flake-utils",
        "type": "github"
      }
    },
    "nixpkgs": {
      "locked": {
        "lastModified": 1706925685,
        "narHash": "sha256-hVInjWMmgH4yZgA4ZtbgJM1qEAel72SYhP5nOWX4UIM=",
        "owner": "NixOS",
        "repo": "nixpkgs",
        "rev": "79a13f1437e149dc7be2d1290c74d378dad60814",
        "type": "github"
      },
      "original": {
        "owner": "NixOS",
        "ref": "nixpkgs-unstable",
        "repo": "nixpkgs",
        "type": "github"
      }
    },
    "nixpkgs_2": {
      "locked": {
        "lastModified": 1709703039,
        "narHash": "sha256-6hqgQ8OK6gsMu1VtcGKBxKQInRLHtzulDo9Z5jxHEFY=",
        "rev": "9df3e30ce24fd28c7b3e2de0d986769db5d6225d",
        "revCount": 592007,
        "type": "tarball",
        "url": "https://api.flakehub.com/f/pinned/NixOS/nixpkgs/0.1.592007%2Brev-9df3e30ce24fd28c7b3e2de0d986769db5d6225d/018e1732-2a3c-7a76-9ec9-7272cb294c13/source.tar.gz"
      },
      "original": {
        "type": "tarball",
        "url": "https://flakehub.com/f/NixOS/nixpkgs/0.1.%2A.tar.gz"
      }
    },
    "root": {
      "inputs": {
        "crane": "crane",
        "flake-schemas": "flake-schemas",
        "flake-utils": "flake-utils",
        "nixpkgs": "nixpkgs_2",
        "rust-overlay": "rust-overlay"
      }
    },
    "rust-overlay": {
      "inputs": {
        "flake-utils": "flake-utils_2",
        "nixpkgs": [
          "nixpkgs"
        ]
      },
      "locked": {
        "lastModified": 1709950089,
        "narHash": "sha256-JjZINymxtnDY9EDdxnVPideZvHPR2Cm/GdKAptCWLI4=",
        "owner": "oxalica",
        "repo": "rust-overlay",
        "rev": "d3a05d053b145349b8ad395741c5951f332280ef",
        "type": "github"
      },
      "original": {
        "owner": "oxalica",
        "repo": "rust-overlay",
        "type": "github"
      }
    },
    "systems": {
      "locked": {
        "lastModified": 1681028828,
        "narHash": "sha256-Vy1rq5AaRuLzOxct8nz4T6wlgyUR7zLU309k9mBC768=",
        "owner": "nix-systems",
        "repo": "default",
        "rev": "da67096a3b9bf56a91d16901293e51ba5b49a27e",
        "type": "github"
      },
      "original": {
        "owner": "nix-systems",
        "repo": "default",
        "type": "github"
      }
    },
    "systems_2": {
      "locked": {
        "lastModified": 1681028828,
        "narHash": "sha256-Vy1rq5AaRuLzOxct8nz4T6wlgyUR7zLU309k9mBC768=",
        "owner": "nix-systems",
        "repo": "default",
        "rev": "da67096a3b9bf56a91d16901293e51ba5b49a27e",
        "type": "github"
      },
      "original": {
        "owner": "nix-systems",
        "repo": "default",
        "type": "github"
      }
    }
  },
  "root": "root",
  "version": 7
}
